// !$*UTF8*$!
{
	archiveVersion = 1;
	classes = {
	};
	objectVersion = 77;
	objects = {

/* Begin PBXBuildFile section */
		01233750D61E5D56006F972C /* FoodLog.swift in Sources */ = {isa = PBXBuildFile; fileRef = 00CBDDFE14F895E97D71081E /* FoodLog.swift */; };
		026E610A21CDE0173D511B9F /* DashboardViewModel.swift in Sources */ = {isa = PBXBuildFile; fileRef = 93C34F7B7BA1945D61669A73 /* DashboardViewModel.swift */; };
		05735DD15D98082221D7CB27 /* LocalStore.swift in Sources */ = {isa = PBXBuildFile; fileRef = 7163AC130BB9DE407021D0C8 /* LocalStore.swift */; };
		064FE7A1D3B565988289C503 /* ProtocolTimelineRow.swift in Sources */ = {isa = PBXBuildFile; fileRef = 1A956D3A469CF9C78D8481C4 /* ProtocolTimelineRow.swift */; };
		0A6F45913EA2F1664935281A /* CalendarEvent.swift in Sources */ = {isa = PBXBuildFile; fileRef = F3C5672AA6D57E8BE4AC995A /* CalendarEvent.swift */; };
		0B10F0C90AE38F56106D044E /* ContactTagsViewModel.swift in Sources */ = {isa = PBXBuildFile; fileRef = CC2BA8453B626CE7D2E534E9 /* ContactTagsViewModel.swift */; };
		0CD873DFBD82059893CE2D17 /* MealCorrelationCard.swift in Sources */ = {isa = PBXBuildFile; fileRef = 65E9E0B95DEB02D51087989B /* MealCorrelationCard.swift */; };
		107BDEE838AB5468AAAAFFAF /* MetabolicAuditView.swift in Sources */ = {isa = PBXBuildFile; fileRef = 718FF67EA0C8BA1678058539 /* MetabolicAuditView.swift */; };
		1B03BA4972CF6400058B180E /* ClaudeService.swift in Sources */ = {isa = PBXBuildFile; fileRef = F2C33DB51BC94191A41C2771 /* ClaudeService.swift */; };
		20C859A82EB571BAD93D9F37 /* EmailStressSignal.swift in Sources */ = {isa = PBXBuildFile; fileRef = AFD64E381AF4A61D9ACBC5D1 /* EmailStressSignal.swift */; };
		2541CD8FEEBCCF5880C92521 /* Date+Circadian.swift in Sources */ = {isa = PBXBuildFile; fileRef = C10B7DF988DBA3580DA38DD1 /* Date+Circadian.swift */; };
		2A3CBDB01CAF00E9BF1E833E /* CalendarService.swift in Sources */ = {isa = PBXBuildFile; fileRef = BBC7308D76AB16CF801AB352 /* CalendarService.swift */; };
		2DD0A87D17017985B6C6BC5D /* SettingsView.swift in Sources */ = {isa = PBXBuildFile; fileRef = 4703697E98857CAD376DA635 /* SettingsView.swift */; };
		35A330EBCDF4616EA6D66437 /* AppState.swift in Sources */ = {isa = PBXBuildFile; fileRef = 209EC9803B738656E0145BFC /* AppState.swift */; };
		35A87CBF7A1A4A6CB76B5922 /* MarkdownUI in Frameworks */ = {isa = PBXBuildFile; productRef = 1BE9BE6C754ACF011679DE72 /* MarkdownUI */; };
		35BDB8561588A0560430AEE6 /* EnergyForecastView.swift in Sources */ = {isa = PBXBuildFile; fileRef = 19D6FB4902BC79FD1AEC9D7E /* EnergyForecastView.swift */; };
		3BCD24DD578F10B10035DF11 /* zzzyncApp.swift in Sources */ = {isa = PBXBuildFile; fileRef = 7AD25245613BAE735F5A3C7F /* zzzyncApp.swift */; };
		3E5D87CFBE56CB2B2258442E /* ContactTag.swift in Sources */ = {isa = PBXBuildFile; fileRef = 57B2BA6F5AC6F22DAC43610A /* ContactTag.swift */; };
		4684129D6E647B0C88D25FF7 /* SyncScoreRing.swift in Sources */ = {isa = PBXBuildFile; fileRef = BB12A11977EAF5459F61EC38 /* SyncScoreRing.swift */; };
		4E3E3A15C3E119A74F6EB31A /* CalendarDensityChart.swift in Sources */ = {isa = PBXBuildFile; fileRef = 25F4F5630F3BD0C22683542A /* CalendarDensityChart.swift */; };
		5959AA701A7CA3BCE9053ADF /* EnergyForecast.swift in Sources */ = {isa = PBXBuildFile; fileRef = 091697DEA46B40B85215C970 /* EnergyForecast.swift */; };
		6328A29B82EF561FE05742B9 /* BioProtocolViewModel.swift in Sources */ = {isa = PBXBuildFile; fileRef = 88EE2AB36C54483EF5BC1371 /* BioProtocolViewModel.swift */; };
		6AD19280C1640C32D9298A93 /* SystemPrompts.swift in Sources */ = {isa = PBXBuildFile; fileRef = 06AD422BB60894ED31F83F2D /* SystemPrompts.swift */; };
		70995BA3242EFA50E0FAE4FF /* Color+Zzzync.swift in Sources */ = {isa = PBXBuildFile; fileRef = FB926D389267C206FE7F6012 /* Color+Zzzync.swift */; };
		76018A087B9369EED7CA3051 /* FoodLogEntryView.swift in Sources */ = {isa = PBXBuildFile; fileRef = 53E5CC9CAB47C0DADDA9F0D0 /* FoodLogEntryView.swift */; };
		791829AC93FBE84F6EEB56B7 /* BioProtocolView.swift in Sources */ = {isa = PBXBuildFile; fileRef = AC4F65FD66ED6ADF71F05E46 /* BioProtocolView.swift */; };
		7EDCF442DC51A2A8569A6DA4 /* HealthPermissionView.swift in Sources */ = {isa = PBXBuildFile; fileRef = 32DAD3F99750A934BEB04376 /* HealthPermissionView.swift */; };
		86AE912033BC9FAE80F80FC2 /* SleepMidpointChart.swift in Sources */ = {isa = PBXBuildFile; fileRef = 85CC40F7741827AC7EBDB245 /* SleepMidpointChart.swift */; };
		8D1A61674CFD0C37653D932B /* HackathonDemoScenario.swift in Sources */ = {isa = PBXBuildFile; fileRef = 8307D2106B72DF34D404C0A2 /* HackathonDemoScenario.swift */; };
		938E07D791150DC5F3A16027 /* BiometricRecord.swift in Sources */ = {isa = PBXBuildFile; fileRef = 6668077349527FB58B6C5C89 /* BiometricRecord.swift */; };
		9824940748EAD2CCF5E2DD81 /* ForecastViewModel.swift in Sources */ = {isa = PBXBuildFile; fileRef = EB991042680F39FD20D86FC0 /* ForecastViewModel.swift */; };
		9B8AC66CA9D71DD75EF06685 /* ContentView.swift in Sources */ = {isa = PBXBuildFile; fileRef = 56A87E61B5CE5F1EE4208C83 /* ContentView.swift */; };
		9D2E878CE0BED31E47BE04DA /* BioProtocol.swift in Sources */ = {isa = PBXBuildFile; fileRef = 34CA1FCDC0AC0F8E5B881D6F /* BioProtocol.swift */; };
		AE5438DAA2FBFB1083A52609 /* OnboardingFlow.swift in Sources */ = {isa = PBXBuildFile; fileRef = 406C79262F7156B646C3E1B2 /* OnboardingFlow.swift */; };
		B905C934150EEE1171AD11FE /* Constants.swift in Sources */ = {isa = PBXBuildFile; fileRef = 35D94202BF784CDCA7DB8532 /* Constants.swift */; };
		B9DA5DADDFA9402056AC79D6 /* FoodLogService.swift in Sources */ = {isa = PBXBuildFile; fileRef = A7AD19F5C188BFDBC7C5DD09 /* FoodLogService.swift */; };
		BA868B5C47D99535A64416D9 /* Supabase in Frameworks */ = {isa = PBXBuildFile; productRef = 46312A97A5F9EB29D0F33C70 /* Supabase */; };
		BB2A613173DC7D81B9889293 /* DashboardView.swift in Sources */ = {isa = PBXBuildFile; fileRef = BB256C92CCD8553106EA8AFF /* DashboardView.swift */; };
		BB39F67C24118BDA47F92DDA /* SleepRecord.swift in Sources */ = {isa = PBXBuildFile; fileRef = 0F368EC758C28200440BA415 /* SleepRecord.swift */; };
		C348367146A0657ACAED6F90 /* SupabaseService.swift in Sources */ = {isa = PBXBuildFile; fileRef = A9E35EA64439FC727FED6373 /* SupabaseService.swift */; };
		CE0EBA5230430F50C5E4AA7B /* JetlagViewModel.swift in Sources */ = {isa = PBXBuildFile; fileRef = 3BA3FD10C45592234B616628 /* JetlagViewModel.swift */; };
		D686CFA5D94E780AEF512E2D /* CalendarPermissionView.swift in Sources */ = {isa = PBXBuildFile; fileRef = 4197AFF8DA4AF79B2F9B0442 /* CalendarPermissionView.swift */; };
		D7E5BFB63286FF37BAC3443E /* SocialJetlagResult.swift in Sources */ = {isa = PBXBuildFile; fileRef = B19A2DA3D3ED9FA1F422FE06 /* SocialJetlagResult.swift */; };
		E1A2AB69C57DE52D9CAA6B18 /* LoadingCardView.swift in Sources */ = {isa = PBXBuildFile; fileRef = 5D9DE77AEAB85A219DACC724 /* LoadingCardView.swift */; };
		ECB87D999F5B137735F0F43C /* JetlagMapView.swift in Sources */ = {isa = PBXBuildFile; fileRef = 25D3E42F15E2D575C7EC20CA /* JetlagMapView.swift */; };
		EEC9BAC4F58E29E50B6BA32C /* MetabolicViewModel.swift in Sources */ = {isa = PBXBuildFile; fileRef = 4B544EAC32BA3074DDBE9E5C /* MetabolicViewModel.swift */; };
		F21E0B6CEAE17F6567A8DD52 /* ContactTagsView.swift in Sources */ = {isa = PBXBuildFile; fileRef = F3ED3E984EDFE083953C64E0 /* ContactTagsView.swift */; };
		FB07C5BAB29EF7164E0103F1 /* MetabolicAuditResult.swift in Sources */ = {isa = PBXBuildFile; fileRef = 62D77E8EE378BBF19D96A2FE /* MetabolicAuditResult.swift */; };
		FE40335C252B28C1409A00AE /* HealthKitService.swift in Sources */ = {isa = PBXBuildFile; fileRef = 6DE86FB47C1423592C58E67F /* HealthKitService.swift */; };
/* End PBXBuildFile section */

/* Begin PBXFileReference section */
		00CBDDFE14F895E97D71081E /* FoodLog.swift */ = {isa = PBXFileReference; lastKnownFileType = sourcecode.swift; path = FoodLog.swift; sourceTree = "<group>"; };
		06AD422BB60894ED31F83F2D /* SystemPrompts.swift */ = {isa = PBXFileReference; lastKnownFileType = sourcecode.swift; path = SystemPrompts.swift; sourceTree = "<group>"; };
		091697DEA46B40B85215C970 /* EnergyForecast.swift */ = {isa = PBXFileReference; lastKnownFileType = sourcecode.swift; path = EnergyForecast.swift; sourceTree = "<group>"; };
		0F368EC758C28200440BA415 /* SleepRecord.swift */ = {isa = PBXFileReference; lastKnownFileType = sourcecode.swift; path = SleepRecord.swift; sourceTree = "<group>"; };
		19D6FB4902BC79FD1AEC9D7E /* EnergyForecastView.swift */ = {isa = PBXFileReference; lastKnownFileType = sourcecode.swift; path = EnergyForecastView.swift; sourceTree = "<group>"; };
		1A956D3A469CF9C78D8481C4 /* ProtocolTimelineRow.swift */ = {isa = PBXFileReference; lastKnownFileType = sourcecode.swift; path = ProtocolTimelineRow.swift; sourceTree = "<group>"; };
		209EC9803B738656E0145BFC /* AppState.swift */ = {isa = PBXFileReference; lastKnownFileType = sourcecode.swift; path = AppState.swift; sourceTree = "<group>"; };
		25D3E42F15E2D575C7EC20CA /* JetlagMapView.swift */ = {isa = PBXFileReference; lastKnownFileType = sourcecode.swift; path = JetlagMapView.swift; sourceTree = "<group>"; };
		25F4F5630F3BD0C22683542A /* CalendarDensityChart.swift */ = {isa = PBXFileReference; lastKnownFileType = sourcecode.swift; path = CalendarDensityChart.swift; sourceTree = "<group>"; };
		32DAD3F99750A934BEB04376 /* HealthPermissionView.swift */ = {isa = PBXFileReference; lastKnownFileType = sourcecode.swift; path = HealthPermissionView.swift; sourceTree = "<group>"; };
		34CA1FCDC0AC0F8E5B881D6F /* BioProtocol.swift */ = {isa = PBXFileReference; lastKnownFileType = sourcecode.swift; path = BioProtocol.swift; sourceTree = "<group>"; };
		35D94202BF784CDCA7DB8532 /* Constants.swift */ = {isa = PBXFileReference; lastKnownFileType = sourcecode.swift; path = Constants.swift; sourceTree = "<group>"; };
		3708F6ABBE28069AD41FD209 /* zzzync.app */ = {isa = PBXFileReference; includeInIndex = 0; lastKnownFileType = wrapper.application; path = zzzync.app; sourceTree = BUILT_PRODUCTS_DIR; };
		3BA3FD10C45592234B616628 /* JetlagViewModel.swift */ = {isa = PBXFileReference; lastKnownFileType = sourcecode.swift; path = JetlagViewModel.swift; sourceTree = "<group>"; };
		406C79262F7156B646C3E1B2 /* OnboardingFlow.swift */ = {isa = PBXFileReference; lastKnownFileType = sourcecode.swift; path = OnboardingFlow.swift; sourceTree = "<group>"; };
		4197AFF8DA4AF79B2F9B0442 /* CalendarPermissionView.swift */ = {isa = PBXFileReference; lastKnownFileType = sourcecode.swift; path = CalendarPermissionView.swift; sourceTree = "<group>"; };
		4703697E98857CAD376DA635 /* SettingsView.swift */ = {isa = PBXFileReference; lastKnownFileType = sourcecode.swift; path = SettingsView.swift; sourceTree = "<group>"; };
		4B544EAC32BA3074DDBE9E5C /* MetabolicViewModel.swift */ = {isa = PBXFileReference; lastKnownFileType = sourcecode.swift; path = MetabolicViewModel.swift; sourceTree = "<group>"; };
		53E5CC9CAB47C0DADDA9F0D0 /* FoodLogEntryView.swift */ = {isa = PBXFileReference; lastKnownFileType = sourcecode.swift; path = FoodLogEntryView.swift; sourceTree = "<group>"; };
		56A87E61B5CE5F1EE4208C83 /* ContentView.swift */ = {isa = PBXFileReference; lastKnownFileType = sourcecode.swift; path = ContentView.swift; sourceTree = "<group>"; };
		57B2BA6F5AC6F22DAC43610A /* ContactTag.swift */ = {isa = PBXFileReference; lastKnownFileType = sourcecode.swift; path = ContactTag.swift; sourceTree = "<group>"; };
		5A4F0F8519FA27023308CF54 /* Config.xcconfig */ = {isa = PBXFileReference; lastKnownFileType = text.xcconfig; path = Config.xcconfig; sourceTree = "<group>"; };
		5D9DE77AEAB85A219DACC724 /* LoadingCardView.swift */ = {isa = PBXFileReference; lastKnownFileType = sourcecode.swift; path = LoadingCardView.swift; sourceTree = "<group>"; };
		62D77E8EE378BBF19D96A2FE /* MetabolicAuditResult.swift */ = {isa = PBXFileReference; lastKnownFileType = sourcecode.swift; path = MetabolicAuditResult.swift; sourceTree = "<group>"; };
		65E9E0B95DEB02D51087989B /* MealCorrelationCard.swift */ = {isa = PBXFileReference; lastKnownFileType = sourcecode.swift; path = MealCorrelationCard.swift; sourceTree = "<group>"; };
		6668077349527FB58B6C5C89 /* BiometricRecord.swift */ = {isa = PBXFileReference; lastKnownFileType = sourcecode.swift; path = BiometricRecord.swift; sourceTree = "<group>"; };
		6DE86FB47C1423592C58E67F /* HealthKitService.swift */ = {isa = PBXFileReference; lastKnownFileType = sourcecode.swift; path = HealthKitService.swift; sourceTree = "<group>"; };
		7163AC130BB9DE407021D0C8 /* LocalStore.swift */ = {isa = PBXFileReference; lastKnownFileType = sourcecode.swift; path = LocalStore.swift; sourceTree = "<group>"; };
		718FF67EA0C8BA1678058539 /* MetabolicAuditView.swift */ = {isa = PBXFileReference; lastKnownFileType = sourcecode.swift; path = MetabolicAuditView.swift; sourceTree = "<group>"; };
		7AD25245613BAE735F5A3C7F /* zzzyncApp.swift */ = {isa = PBXFileReference; lastKnownFileType = sourcecode.swift; path = zzzyncApp.swift; sourceTree = "<group>"; };
		8307D2106B72DF34D404C0A2 /* HackathonDemoScenario.swift */ = {isa = PBXFileReference; lastKnownFileType = sourcecode.swift; path = HackathonDemoScenario.swift; sourceTree = "<group>"; };
		85CC40F7741827AC7EBDB245 /* SleepMidpointChart.swift */ = {isa = PBXFileReference; lastKnownFileType = sourcecode.swift; path = SleepMidpointChart.swift; sourceTree = "<group>"; };
		88EE2AB36C54483EF5BC1371 /* BioProtocolViewModel.swift */ = {isa = PBXFileReference; lastKnownFileType = sourcecode.swift; path = BioProtocolViewModel.swift; sourceTree = "<group>"; };
		93C34F7B7BA1945D61669A73 /* DashboardViewModel.swift */ = {isa = PBXFileReference; lastKnownFileType = sourcecode.swift; path = DashboardViewModel.swift; sourceTree = "<group>"; };
		A7AD19F5C188BFDBC7C5DD09 /* FoodLogService.swift */ = {isa = PBXFileReference; lastKnownFileType = sourcecode.swift; path = FoodLogService.swift; sourceTree = "<group>"; };
		A9E35EA64439FC727FED6373 /* SupabaseService.swift */ = {isa = PBXFileReference; lastKnownFileType = sourcecode.swift; path = SupabaseService.swift; sourceTree = "<group>"; };
		AC4F65FD66ED6ADF71F05E46 /* BioProtocolView.swift */ = {isa = PBXFileReference; lastKnownFileType = sourcecode.swift; path = BioProtocolView.swift; sourceTree = "<group>"; };
		AFD64E381AF4A61D9ACBC5D1 /* EmailStressSignal.swift */ = {isa = PBXFileReference; lastKnownFileType = sourcecode.swift; path = EmailStressSignal.swift; sourceTree = "<group>"; };
		B19A2DA3D3ED9FA1F422FE06 /* SocialJetlagResult.swift */ = {isa = PBXFileReference; lastKnownFileType = sourcecode.swift; path = SocialJetlagResult.swift; sourceTree = "<group>"; };
		BB12A11977EAF5459F61EC38 /* SyncScoreRing.swift */ = {isa = PBXFileReference; lastKnownFileType = sourcecode.swift; path = SyncScoreRing.swift; sourceTree = "<group>"; };
		BB256C92CCD8553106EA8AFF /* DashboardView.swift */ = {isa = PBXFileReference; lastKnownFileType = sourcecode.swift; path = DashboardView.swift; sourceTree = "<group>"; };
		BBC7308D76AB16CF801AB352 /* CalendarService.swift */ = {isa = PBXFileReference; lastKnownFileType = sourcecode.swift; path = CalendarService.swift; sourceTree = "<group>"; };
		BED8711BE1D5D16D993D1E52 /* zzzync.entitlements */ = {isa = PBXFileReference; lastKnownFileType = text.plist.entitlements; path = zzzync.entitlements; sourceTree = "<group>"; };
		C10B7DF988DBA3580DA38DD1 /* Date+Circadian.swift */ = {isa = PBXFileReference; lastKnownFileType = sourcecode.swift; path = "Date+Circadian.swift"; sourceTree = "<group>"; };
		CC2BA8453B626CE7D2E534E9 /* ContactTagsViewModel.swift */ = {isa = PBXFileReference; lastKnownFileType = sourcecode.swift; path = ContactTagsViewModel.swift; sourceTree = "<group>"; };
		EB991042680F39FD20D86FC0 /* ForecastViewModel.swift */ = {isa = PBXFileReference; lastKnownFileType = sourcecode.swift; path = ForecastViewModel.swift; sourceTree = "<group>"; };
		F2C33DB51BC94191A41C2771 /* ClaudeService.swift */ = {isa = PBXFileReference; lastKnownFileType = sourcecode.swift; path = ClaudeService.swift; sourceTree = "<group>"; };
		F3C5672AA6D57E8BE4AC995A /* CalendarEvent.swift */ = {isa = PBXFileReference; lastKnownFileType = sourcecode.swift; path = CalendarEvent.swift; sourceTree = "<group>"; };
		F3ED3E984EDFE083953C64E0 /* ContactTagsView.swift */ = {isa = PBXFileReference; lastKnownFileType = sourcecode.swift; path = ContactTagsView.swift; sourceTree = "<group>"; };
		F7D007F5C4CABF5F5B9C0B1E /* Info.plist */ = {isa = PBXFileReference; lastKnownFileType = text.plist; path = Info.plist; sourceTree = "<group>"; };
		FB926D389267C206FE7F6012 /* Color+Zzzync.swift */ = {isa = PBXFileReference; lastKnownFileType = sourcecode.swift; path = "Color+Zzzync.swift"; sourceTree = "<group>"; };
/* End PBXFileReference section */

/* Begin PBXFrameworksBuildPhase section */
		C4F84154706531DB4FC6117A /* Frameworks */ = {
			isa = PBXFrameworksBuildPhase;
			buildActionMask = 2147483647;
			files = (
				35A87CBF7A1A4A6CB76B5922 /* MarkdownUI in Frameworks */,
				BA868B5C47D99535A64416D9 /* Supabase in Frameworks */,
			);
			runOnlyForDeploymentPostprocessing = 0;
		};
/* End PBXFrameworksBuildPhase section */

/* Begin PBXGroup section */
		127252E3E24C31F46AB1615C /* JetlagMap */ = {
			isa = PBXGroup;
			children = (
				25D3E42F15E2D575C7EC20CA /* JetlagMapView.swift */,
				85CC40F7741827AC7EBDB245 /* SleepMidpointChart.swift */,
			);
			path = JetlagMap;
			sourceTree = "<group>";
		};
		36DA069E6EF9C76FC86A3485 /* Core */ = {
			isa = PBXGroup;
			children = (
				209EC9803B738656E0145BFC /* AppState.swift */,
				35D94202BF784CDCA7DB8532 /* Constants.swift */,
				64E83F55E80F88D51B8E6334 /* Extensions */,
			);
			path = Core;
			sourceTree = "<group>";
		};
		3B36B51547780FEB916ED402 /* Products */ = {
			isa = PBXGroup;
			children = (
				3708F6ABBE28069AD41FD209 /* zzzync.app */,
			);
			name = Products;
			sourceTree = "<group>";
		};
		3D34CCA863825501723091C3 /* ViewModels */ = {
			isa = PBXGroup;
			children = (
				88EE2AB36C54483EF5BC1371 /* BioProtocolViewModel.swift */,
				CC2BA8453B626CE7D2E534E9 /* ContactTagsViewModel.swift */,
				93C34F7B7BA1945D61669A73 /* DashboardViewModel.swift */,
				EB991042680F39FD20D86FC0 /* ForecastViewModel.swift */,
				3BA3FD10C45592234B616628 /* JetlagViewModel.swift */,
				4B544EAC32BA3074DDBE9E5C /* MetabolicViewModel.swift */,
			);
			path = ViewModels;
			sourceTree = "<group>";
		};
		4AC1356114C588118ACBD83F /* Shared */ = {
			isa = PBXGroup;
			children = (
				5D9DE77AEAB85A219DACC724 /* LoadingCardView.swift */,
			);
			path = Shared;
			sourceTree = "<group>";
		};
		4ADA579AD61036B8E9CB171B /* Services */ = {
			isa = PBXGroup;
			children = (
				BBC7308D76AB16CF801AB352 /* CalendarService.swift */,
				F2C33DB51BC94191A41C2771 /* ClaudeService.swift */,
				A7AD19F5C188BFDBC7C5DD09 /* FoodLogService.swift */,
				8307D2106B72DF34D404C0A2 /* HackathonDemoScenario.swift */,
				6DE86FB47C1423592C58E67F /* HealthKitService.swift */,
				7163AC130BB9DE407021D0C8 /* LocalStore.swift */,
				A9E35EA64439FC727FED6373 /* SupabaseService.swift */,
			);
			path = Services;
			sourceTree = "<group>";
		};
		54BA6AA5F0C8C5E5C3A9654B /* zzzync */ = {
			isa = PBXGroup;
			children = (
				56A87E61B5CE5F1EE4208C83 /* ContentView.swift */,
				F7D007F5C4CABF5F5B9C0B1E /* Info.plist */,
				BED8711BE1D5D16D993D1E52 /* zzzync.entitlements */,
				7AD25245613BAE735F5A3C7F /* zzzyncApp.swift */,
				36DA069E6EF9C76FC86A3485 /* Core */,
				D94278119A37463519A8D2D7 /* Models */,
				5BD63245E9E9EFF5E44C8580 /* Resources */,
				4ADA579AD61036B8E9CB171B /* Services */,
				3D34CCA863825501723091C3 /* ViewModels */,
				5A8FEDA570899A92360E370B /* Views */,
			);
			path = zzzync;
			sourceTree = "<group>";
		};
		5A8FEDA570899A92360E370B /* Views */ = {
			isa = PBXGroup;
			children = (
				66BF2284528622A343B5C2AB /* BioProtocol */,
				EFE2D96B11F7AB8DBD42A41C /* Dashboard */,
				AD28950AAF99DF6BB3B4E233 /* EnergyForecast */,
				127252E3E24C31F46AB1615C /* JetlagMap */,
				CD7BE1A78603B83C2ACE78CB /* MetabolicAudit */,
				8BF92956A10FEF0B98F703C5 /* Onboarding */,
				CD59C55EAB4B8DCFE0E572DD /* Settings */,
				4AC1356114C588118ACBD83F /* Shared */,
			);
			path = Views;
			sourceTree = "<group>";
		};
		5BD63245E9E9EFF5E44C8580 /* Resources */ = {
			isa = PBXGroup;
			children = (
				5ED2812B75752B37937F19D2 /* Prompts */,
			);
			path = Resources;
			sourceTree = "<group>";
		};
		5ED2812B75752B37937F19D2 /* Prompts */ = {
			isa = PBXGroup;
			children = (
				06AD422BB60894ED31F83F2D /* SystemPrompts.swift */,
			);
			path = Prompts;
			sourceTree = "<group>";
		};
		64E83F55E80F88D51B8E6334 /* Extensions */ = {
			isa = PBXGroup;
			children = (
				FB926D389267C206FE7F6012 /* Color+Zzzync.swift */,
				C10B7DF988DBA3580DA38DD1 /* Date+Circadian.swift */,
			);
			path = Extensions;
			sourceTree = "<group>";
		};
		66BF2284528622A343B5C2AB /* BioProtocol */ = {
			isa = PBXGroup;
			children = (
				AC4F65FD66ED6ADF71F05E46 /* BioProtocolView.swift */,
				1A956D3A469CF9C78D8481C4 /* ProtocolTimelineRow.swift */,
			);
			path = BioProtocol;
			sourceTree = "<group>";
		};
		8BF92956A10FEF0B98F703C5 /* Onboarding */ = {
			isa = PBXGroup;
			children = (
				4197AFF8DA4AF79B2F9B0442 /* CalendarPermissionView.swift */,
				32DAD3F99750A934BEB04376 /* HealthPermissionView.swift */,
				406C79262F7156B646C3E1B2 /* OnboardingFlow.swift */,
			);
			path = Onboarding;
			sourceTree = "<group>";
		};
		AD28950AAF99DF6BB3B4E233 /* EnergyForecast */ = {
			isa = PBXGroup;
			children = (
				25F4F5630F3BD0C22683542A /* CalendarDensityChart.swift */,
				19D6FB4902BC79FD1AEC9D7E /* EnergyForecastView.swift */,
			);
			path = EnergyForecast;
			sourceTree = "<group>";
		};
		CD59C55EAB4B8DCFE0E572DD /* Settings */ = {
			isa = PBXGroup;
			children = (
				F3ED3E984EDFE083953C64E0 /* ContactTagsView.swift */,
				4703697E98857CAD376DA635 /* SettingsView.swift */,
			);
			path = Settings;
			sourceTree = "<group>";
		};
		CD7BE1A78603B83C2ACE78CB /* MetabolicAudit */ = {
			isa = PBXGroup;
			children = (
				53E5CC9CAB47C0DADDA9F0D0 /* FoodLogEntryView.swift */,
				65E9E0B95DEB02D51087989B /* MealCorrelationCard.swift */,
				718FF67EA0C8BA1678058539 /* MetabolicAuditView.swift */,
			);
			path = MetabolicAudit;
			sourceTree = "<group>";
		};
		D94278119A37463519A8D2D7 /* Models */ = {
			isa = PBXGroup;
			children = (
				6668077349527FB58B6C5C89 /* BiometricRecord.swift */,
				34CA1FCDC0AC0F8E5B881D6F /* BioProtocol.swift */,
				F3C5672AA6D57E8BE4AC995A /* CalendarEvent.swift */,
				57B2BA6F5AC6F22DAC43610A /* ContactTag.swift */,
				AFD64E381AF4A61D9ACBC5D1 /* EmailStressSignal.swift */,
				091697DEA46B40B85215C970 /* EnergyForecast.swift */,
				00CBDDFE14F895E97D71081E /* FoodLog.swift */,
				62D77E8EE378BBF19D96A2FE /* MetabolicAuditResult.swift */,
				0F368EC758C28200440BA415 /* SleepRecord.swift */,
				B19A2DA3D3ED9FA1F422FE06 /* SocialJetlagResult.swift */,
			);
			path = Models;
			sourceTree = "<group>";
		};
		EFE2D96B11F7AB8DBD42A41C /* Dashboard */ = {
			isa = PBXGroup;
			children = (
				BB256C92CCD8553106EA8AFF /* DashboardView.swift */,
				BB12A11977EAF5459F61EC38 /* SyncScoreRing.swift */,
			);
			path = Dashboard;
			sourceTree = "<group>";
		};
		F7C367B0BE2CAE8C06444705 /* zzzync */ = {
			isa = PBXGroup;
			children = (
				5A4F0F8519FA27023308CF54 /* Config.xcconfig */,
			);
			name = zzzync;
			path = .;
			sourceTree = "<group>";
		};
		F9FC7AE8445DBDA652D58C6D = {
			isa = PBXGroup;
			children = (
				54BA6AA5F0C8C5E5C3A9654B /* zzzync */,
				F7C367B0BE2CAE8C06444705 /* zzzync */,
				3B36B51547780FEB916ED402 /* Products */,
			);
			sourceTree = "<group>";
		};
/* End PBXGroup section */

/* Begin PBXNativeTarget section */
		3A66AD27395FF196642706E6 /* zzzync */ = {
			isa = PBXNativeTarget;
			buildConfigurationList = B4CCBA4244BECFA12D54BA3F /* Build configuration list for PBXNativeTarget "zzzync" */;
			buildPhases = (
				AA338F0F3648C5DCB92DA37F /* Sources */,
				C4F84154706531DB4FC6117A /* Frameworks */,
			);
			buildRules = (
			);
			dependencies = (
			);
			name = zzzync;
			packageProductDependencies = (
				1BE9BE6C754ACF011679DE72 /* MarkdownUI */,
				46312A97A5F9EB29D0F33C70 /* Supabase */,
			);
			productName = zzzync;
			productReference = 3708F6ABBE28069AD41FD209 /* zzzync.app */;
			productType = "com.apple.product-type.application";
		};
/* End PBXNativeTarget section */

/* Begin PBXProject section */
		D8B16C1F5EF0B968B4C4E5A9 /* Project object */ = {
			isa = PBXProject;
			attributes = {
				BuildIndependentTargetsInParallel = YES;
				LastUpgradeCheck = 1500;
				TargetAttributes = {
					3A66AD27395FF196642706E6 = {
						DevelopmentTeam = U9GQY85ZBA;
					};
				};
			};
			buildConfigurationList = E12E310A0F525601A8DFA8C3 /* Build configuration list for PBXProject "zzzync" */;
			compatibilityVersion = "Xcode 14.0";
			developmentRegion = en;
			hasScannedForEncodings = 0;
			knownRegions = (
				Base,
				en,
			);
			mainGroup = F9FC7AE8445DBDA652D58C6D;
			minimizedProjectReferenceProxies = 1;
			packageReferences = (
				9E2BC2962F762138E69CC8A7 /* XCRemoteSwiftPackageReference "swift-markdown-ui" */,
				C4D981698463147557865C17 /* XCRemoteSwiftPackageReference "supabase-swift" */,
			);
			preferredProjectObjectVersion = 77;
			projectDirPath = "";
			projectRoot = "";
			targets = (
				3A66AD27395FF196642706E6 /* zzzync */,
			);
		};
/* End PBXProject section */

/* Begin PBXSourcesBuildPhase section */
		AA338F0F3648C5DCB92DA37F /* Sources */ = {
			isa = PBXSourcesBuildPhase;
			buildActionMask = 2147483647;
			files = (
				35A330EBCDF4616EA6D66437 /* AppState.swift in Sources */,
				9D2E878CE0BED31E47BE04DA /* BioProtocol.swift in Sources */,
				791829AC93FBE84F6EEB56B7 /* BioProtocolView.swift in Sources */,
				6328A29B82EF561FE05742B9 /* BioProtocolViewModel.swift in Sources */,
				938E07D791150DC5F3A16027 /* BiometricRecord.swift in Sources */,
				4E3E3A15C3E119A74F6EB31A /* CalendarDensityChart.swift in Sources */,
				0A6F45913EA2F1664935281A /* CalendarEvent.swift in Sources */,
				D686CFA5D94E780AEF512E2D /* CalendarPermissionView.swift in Sources */,
				2A3CBDB01CAF00E9BF1E833E /* CalendarService.swift in Sources */,
				1B03BA4972CF6400058B180E /* ClaudeService.swift in Sources */,
				70995BA3242EFA50E0FAE4FF /* Color+Zzzync.swift in Sources */,
				B905C934150EEE1171AD11FE /* Constants.swift in Sources */,
				3E5D87CFBE56CB2B2258442E /* ContactTag.swift in Sources */,
				F21E0B6CEAE17F6567A8DD52 /* ContactTagsView.swift in Sources */,
				0B10F0C90AE38F56106D044E /* ContactTagsViewModel.swift in Sources */,
				9B8AC66CA9D71DD75EF06685 /* ContentView.swift in Sources */,
				BB2A613173DC7D81B9889293 /* DashboardView.swift in Sources */,
				026E610A21CDE0173D511B9F /* DashboardViewModel.swift in Sources */,
				2541CD8FEEBCCF5880C92521 /* Date+Circadian.swift in Sources */,
				20C859A82EB571BAD93D9F37 /* EmailStressSignal.swift in Sources */,
				5959AA701A7CA3BCE9053ADF /* EnergyForecast.swift in Sources */,
				35BDB8561588A0560430AEE6 /* EnergyForecastView.swift in Sources */,
				01233750D61E5D56006F972C /* FoodLog.swift in Sources */,
				76018A087B9369EED7CA3051 /* FoodLogEntryView.swift in Sources */,
				B9DA5DADDFA9402056AC79D6 /* FoodLogService.swift in Sources */,
				9824940748EAD2CCF5E2DD81 /* ForecastViewModel.swift in Sources */,
				8D1A61674CFD0C37653D932B /* HackathonDemoScenario.swift in Sources */,
				FE40335C252B28C1409A00AE /* HealthKitService.swift in Sources */,
				7EDCF442DC51A2A8569A6DA4 /* HealthPermissionView.swift in Sources */,
				ECB87D999F5B137735F0F43C /* JetlagMapView.swift in Sources */,
				CE0EBA5230430F50C5E4AA7B /* JetlagViewModel.swift in Sources */,
				E1A2AB69C57DE52D9CAA6B18 /* LoadingCardView.swift in Sources */,
				05735DD15D98082221D7CB27 /* LocalStore.swift in Sources */,
				0CD873DFBD82059893CE2D17 /* MealCorrelationCard.swift in Sources */,
				FB07C5BAB29EF7164E0103F1 /* MetabolicAuditResult.swift in Sources */,
				107BDEE838AB5468AAAAFFAF /* MetabolicAuditView.swift in Sources */,
				EEC9BAC4F58E29E50B6BA32C /* MetabolicViewModel.swift in Sources */,
				AE5438DAA2FBFB1083A52609 /* OnboardingFlow.swift in Sources */,
				064FE7A1D3B565988289C503 /* ProtocolTimelineRow.swift in Sources */,
				2DD0A87D17017985B6C6BC5D /* SettingsView.swift in Sources */,
				86AE912033BC9FAE80F80FC2 /* SleepMidpointChart.swift in Sources */,
				BB39F67C24118BDA47F92DDA /* SleepRecord.swift in Sources */,
				D7E5BFB63286FF37BAC3443E /* SocialJetlagResult.swift in Sources */,
				C348367146A0657ACAED6F90 /* SupabaseService.swift in Sources */,
				4684129D6E647B0C88D25FF7 /* SyncScoreRing.swift in Sources */,
				6AD19280C1640C32D9298A93 /* SystemPrompts.swift in Sources */,
				3BCD24DD578F10B10035DF11 /* zzzyncApp.swift in Sources */,
			);
			runOnlyForDeploymentPostprocessing = 0;
		};
/* End PBXSourcesBuildPhase section */

/* Begin XCBuildConfiguration section */
		118307C68E2AABF7DAC4E237 /* Debug */ = {
			isa = XCBuildConfiguration;
			buildSettings = {
				ALWAYS_SEARCH_USER_PATHS = NO;
				CLANG_ANALYZER_NONNULL = YES;
				CLANG_ANALYZER_NUMBER_OBJECT_CONVERSION = YES_AGGRESSIVE;
				CLANG_CXX_LANGUAGE_STANDARD = "gnu++14";
				CLANG_CXX_LIBRARY = "libc++";
				CLANG_ENABLE_MODULES = YES;
				CLANG_ENABLE_OBJC_ARC = YES;
				CLANG_ENABLE_OBJC_WEAK = YES;
				CLANG_WARN_BLOCK_CAPTURE_AUTORELEASING = YES;
				CLANG_WARN_BOOL_CONVERSION = YES;
				CLANG_WARN_COMMA = YES;
				CLANG_WARN_CONSTANT_CONVERSION = YES;
				CLANG_WARN_DEPRECATED_OBJC_IMPLEMENTATIONS = YES;
				CLANG_WARN_DIRECT_OBJC_ISA_USAGE = YES_ERROR;
				CLANG_WARN_DOCUMENTATION_COMMENTS = YES;
				CLANG_WARN_EMPTY_BODY = YES;
				CLANG_WARN_ENUM_CONVERSION = YES;
				CLANG_WARN_INFINITE_RECURSION = YES;
				CLANG_WARN_INT_CONVERSION = YES;
				CLANG_WARN_NON_LITERAL_NULL_CONVERSION = YES;
				CLANG_WARN_OBJC_IMPLICIT_RETAIN_SELF = YES;
				CLANG_WARN_OBJC_LITERAL_CONVERSION = YES;
				CLANG_WARN_OBJC_ROOT_CLASS = YES_ERROR;
				CLANG_WARN_QUOTED_INCLUDE_IN_FRAMEWORK_HEADER = YES;
				CLANG_WARN_RANGE_LOOP_ANALYSIS = YES;
				CLANG_WARN_STRICT_PROTOTYPES = YES;
				CLANG_WARN_SUSPICIOUS_MOVE = YES;
				CLANG_WARN_UNGUARDED_AVAILABILITY = YES_AGGRESSIVE;
				CLANG_WARN_UNREACHABLE_CODE = YES;
				CLANG_WARN__DUPLICATE_METHOD_MATCH = YES;
				COPY_PHASE_STRIP = NO;
				DEBUG_INFORMATION_FORMAT = dwarf;
				ENABLE_STRICT_OBJC_MSGSEND = YES;
				ENABLE_TESTABILITY = YES;
				GCC_C_LANGUAGE_STANDARD = gnu11;
				GCC_DYNAMIC_NO_PIC = NO;
				GCC_NO_COMMON_BLOCKS = YES;
				GCC_OPTIMIZATION_LEVEL = 0;
				GCC_PREPROCESSOR_DEFINITIONS = (
					"$(inherited)",
					"DEBUG=1",
				);
				GCC_WARN_64_TO_32_BIT_CONVERSION = YES;
				GCC_WARN_ABOUT_RETURN_TYPE = YES_ERROR;
				GCC_WARN_UNDECLARED_SELECTOR = YES;
				GCC_WARN_UNINITIALIZED_AUTOS = YES_AGGRESSIVE;
				GCC_WARN_UNUSED_FUNCTION = YES;
				GCC_WARN_UNUSED_VARIABLE = YES;
				IPHONEOS_DEPLOYMENT_TARGET = 17.0;
				MTL_ENABLE_DEBUG_INFO = INCLUDE_SOURCE;
				MTL_FAST_MATH = YES;
				ONLY_ACTIVE_ARCH = YES;
				PRODUCT_NAME = "$(TARGET_NAME)";
				SDKROOT = iphoneos;
				SWIFT_ACTIVE_COMPILATION_CONDITIONS = DEBUG;
				SWIFT_OPTIMIZATION_LEVEL = "-Onone";
				SWIFT_VERSION = 5.0;
			};
			name = Debug;
		};
		4E4F54975BBE8272BBB28ABB /* Debug */ = {
			isa = XCBuildConfiguration;
			baseConfigurationReference = 5A4F0F8519FA27023308CF54 /* Config.xcconfig */;
			buildSettings = {
				ASSETCATALOG_COMPILER_APPICON_NAME = AppIcon;
				CODE_SIGN_ENTITLEMENTS = zzzync/zzzync.entitlements;
				CODE_SIGN_IDENTITY = "iPhone Developer";
				DEVELOPMENT_TEAM = U9GQY85ZBA;
				INFOPLIST_FILE = zzzync/Info.plist;
				IPHONEOS_DEPLOYMENT_TARGET = 17.0;
				LD_RUNPATH_SEARCH_PATHS = (
					"$(inherited)",
					"@executable_path/Frameworks",
				);
				PRODUCT_BUNDLE_IDENTIFIER = com.zzzync.app;
				SDKROOT = iphoneos;
				SWIFT_VERSION = 5.9;
				TARGETED_DEVICE_FAMILY = 1;
			};
			name = Debug;
		};
		58492E7EBEE31F3382911237 /* Release */ = {
			isa = XCBuildConfiguration;
			buildSettings = {
				ALWAYS_SEARCH_USER_PATHS = NO;
				CLANG_ANALYZER_NONNULL = YES;
				CLANG_ANALYZER_NUMBER_OBJECT_CONVERSION = YES_AGGRESSIVE;
				CLANG_CXX_LANGUAGE_STANDARD = "gnu++14";
				CLANG_CXX_LIBRARY = "libc++";
				CLANG_ENABLE_MODULES = YES;
				CLANG_ENABLE_OBJC_ARC = YES;
				CLANG_ENABLE_OBJC_WEAK = YES;
				CLANG_WARN_BLOCK_CAPTURE_AUTORELEASING = YES;
				CLANG_WARN_BOOL_CONVERSION = YES;
				CLANG_WARN_COMMA = YES;
				CLANG_WARN_CONSTANT_CONVERSION = YES;
				CLANG_WARN_DEPRECATED_OBJC_IMPLEMENTATIONS = YES;
				CLANG_WARN_DIRECT_OBJC_ISA_USAGE = YES_ERROR;
				CLANG_WARN_DOCUMENTATION_COMMENTS = YES;
				CLANG_WARN_EMPTY_BODY = YES;
				CLANG_WARN_ENUM_CONVERSION = YES;
				CLANG_WARN_INFINITE_RECURSION = YES;
				CLANG_WARN_INT_CONVERSION = YES;
				CLANG_WARN_NON_LITERAL_NULL_CONVERSION = YES;
				CLANG_WARN_OBJC_IMPLICIT_RETAIN_SELF = YES;
				CLANG_WARN_OBJC_LITERAL_CONVERSION = YES;
				CLANG_WARN_OBJC_ROOT_CLASS = YES_ERROR;
				CLANG_WARN_QUOTED_INCLUDE_IN_FRAMEWORK_HEADER = YES;
				CLANG_WARN_RANGE_LOOP_ANALYSIS = YES;
				CLANG_WARN_STRICT_PROTOTYPES = YES;
				CLANG_WARN_SUSPICIOUS_MOVE = YES;
				CLANG_WARN_UNGUARDED_AVAILABILITY = YES_AGGRESSIVE;
				CLANG_WARN_UNREACHABLE_CODE = YES;
				CLANG_WARN__DUPLICATE_METHOD_MATCH = YES;
				COPY_PHASE_STRIP = NO;
				DEBUG_INFORMATION_FORMAT = "dwarf-with-dsym";
				ENABLE_NS_ASSERTIONS = NO;
				ENABLE_STRICT_OBJC_MSGSEND = YES;
				GCC_C_LANGUAGE_STANDARD = gnu11;
				GCC_NO_COMMON_BLOCKS = YES;
				GCC_WARN_64_TO_32_BIT_CONVERSION = YES;
				GCC_WARN_ABOUT_RETURN_TYPE = YES_ERROR;
				GCC_WARN_UNDECLARED_SELECTOR = YES;
				GCC_WARN_UNINITIALIZED_AUTOS = YES_AGGRESSIVE;
				GCC_WARN_UNUSED_FUNCTION = YES;
				GCC_WARN_UNUSED_VARIABLE = YES;
				IPHONEOS_DEPLOYMENT_TARGET = 17.0;
				MTL_ENABLE_DEBUG_INFO = NO;
				MTL_FAST_MATH = YES;
				PRODUCT_NAME = "$(TARGET_NAME)";
				SDKROOT = iphoneos;
				SWIFT_COMPILATION_MODE = wholemodule;
				SWIFT_OPTIMIZATION_LEVEL = "-O";
				SWIFT_VERSION = 5.0;
			};
			name = Release;
		};
		734CBF96670DD70DEFD0D5C5 /* Release */ = {
			isa = XCBuildConfiguration;
			baseConfigurationReference = 5A4F0F8519FA27023308CF54 /* Config.xcconfig */;
			buildSettings = {
				ASSETCATALOG_COMPILER_APPICON_NAME = AppIcon;
				CODE_SIGN_ENTITLEMENTS = zzzync/zzzync.entitlements;
				CODE_SIGN_IDENTITY = "iPhone Developer";
				DEVELOPMENT_TEAM = U9GQY85ZBA;
				INFOPLIST_FILE = zzzync/Info.plist;
				IPHONEOS_DEPLOYMENT_TARGET = 17.0;
				LD_RUNPATH_SEARCH_PATHS = (
					"$(inherited)",
					"@executable_path/Frameworks",
				);
				PRODUCT_BUNDLE_IDENTIFIER = com.zzzync.app;
				SDKROOT = iphoneos;
				SWIFT_VERSION = 5.9;
				TARGETED_DEVICE_FAMILY = 1;
			};
			name = Release;
		};
/* End XCBuildConfiguration section */

/* Begin XCConfigurationList section */
		B4CCBA4244BECFA12D54BA3F /* Build configuration list for PBXNativeTarget "zzzync" */ = {
			isa = XCConfigurationList;
			buildConfigurations = (
				4E4F54975BBE8272BBB28ABB /* Debug */,
				734CBF96670DD70DEFD0D5C5 /* Release */,
			);
			defaultConfigurationIsVisible = 0;
			defaultConfigurationName = Debug;
		};
		E12E310A0F525601A8DFA8C3 /* Build configuration list for PBXProject "zzzync" */ = {
			isa = XCConfigurationList;
			buildConfigurations = (
				118307C68E2AABF7DAC4E237 /* Debug */,
				58492E7EBEE31F3382911237 /* Release */,
			);
			defaultConfigurationIsVisible = 0;
			defaultConfigurationName = Debug;
		};
/* End XCConfigurationList section */

/* Begin XCRemoteSwiftPackageReference section */
		9E2BC2962F762138E69CC8A7 /* XCRemoteSwiftPackageReference "swift-markdown-ui" */ = {
			isa = XCRemoteSwiftPackageReference;
			repositoryURL = "https://github.com/gonzalezreal/swift-markdown-ui";
			requirement = {
				kind = upToNextMajorVersion;
				minimumVersion = 2.4.0;
			};
		};
		C4D981698463147557865C17 /* XCRemoteSwiftPackageReference "supabase-swift" */ = {
			isa = XCRemoteSwiftPackageReference;
			repositoryURL = "https://github.com/supabase/supabase-swift";
			requirement = {
				kind = upToNextMajorVersion;
				minimumVersion = 2.0.0;
			};
		};
/* End XCRemoteSwiftPackageReference section */

/* Begin XCSwiftPackageProductDependency section */
		1BE9BE6C754ACF011679DE72 /* MarkdownUI */ = {
			isa = XCSwiftPackageProductDependency;
			package = 9E2BC2962F762138E69CC8A7 /* XCRemoteSwiftPackageReference "swift-markdown-ui" */;
			productName = MarkdownUI;
		};
		46312A97A5F9EB29D0F33C70 /* Supabase */ = {
			isa = XCSwiftPackageProductDependency;
			package = C4D981698463147557865C17 /* XCRemoteSwiftPackageReference "supabase-swift" */;
			productName = Supabase;
		};
/* End XCSwiftPackageProductDependency section */
	};
	rootObject = D8B16C1F5EF0B968B4C4E5A9 /* Project object */;
}
